
Microsoft Visual Studio Solution File, Format Version 12.00
# Visual Studio Version 16
VisualStudioVersion = 16.0.31729.503
MinimumVisualStudioVersion = 10.0.40219.1
Project("{FAE04EC0-301F-11D3-BF4B-00C04F79EFBC}") = "MapNodePad.Android", "MapNodePad\MapNodePad.Android\MapNodePad.Android.csproj", "{E47093B8-BAEF-4059-836C-5233C28444BE}"
EndProject
Project("{FAE04EC0-301F-11D3-BF4B-00C04F79EFBC}") = "MapNodePad.iOS", "MapNodePad\MapNodePad.iOS\MapNodePad.iOS.csproj", "{24ABC12B-B3CA-41C3-8280-7728A18D55B6}"
EndProject
Project("{FAE04EC0-301F-11D3-BF4B-00C04F79EFBC}") = "MapNodePad", "MapNodePad\MapNodePad\MapNodePad.csproj", "{EAB3C3E6-D78A-4D22-B3DC-E63F6A316FED}"
EndProject
Global
	GlobalSection(SolutionConfigurationPlatforms) = preSolution
		Debug|Any CPU = Debug|Any CPU
		Debug|iPhone = Debug|iPhone
		Debug|iPhoneSimulator = Debug|iPhoneSimulator
		Release|Any CPU = Release|Any CPU
		Release|iPhone = Release|iPhone
		Release|iPhoneSimulator = Release|iPhoneSimulator
	EndGlobalSection
	GlobalSection(ProjectConfigurationPlatforms) = postSolution
		{E47093B8-BAEF-4059-836C-5233C28444BE}.Debug|Any CPU.ActiveCfg = Debug|Any CPU
		{E47093B8-BAEF-4059-836C-5233C28444BE}.Debug|Any CPU.Build.0 = Debug|Any CPU
		{E47093B8-BAEF-4059-836C-5233C28444BE}.Debug|Any CPU.Deploy.0 = Debug|Any CPU
		{E47093B8-BAEF-4059-836C-5233C28444BE}.Debug|iPhone.ActiveCfg = Debug|Any CPU
		{E47093B8-BAEF-4059-836C-5233C28444BE}.Debug|iPhone.Build.0 = Debug|Any CPU
		{E47093B8-BAEF-4059-836C-5233C28444BE}.Debug|iPhone.Deploy.0 = Debug|Any CPU
		{E47093B8-BAEF-4059-836C-5233C28444BE}.Debug|iPhoneSimulator.ActiveCfg = Debug|Any CPU
		{E47093B8-BAEF-4059-836C-5233C28444BE}.Debug|iPhoneSimulator.Build.0 = Debug|Any CPU
		{E47093B8-BAEF-4059-836C-5233C28444BE}.Debug|iPhoneSimulator.Deploy.0 = Debug|Any CPU
		{E47093B8-BAEF-4059-836C-5233C28444BE}.Release|Any CPU.ActiveCfg = Release|Any CPU
		{E47093B8-BAEF-4059-836C-5233C28444BE}.Release|Any CPU.Build.0 = Release|Any CPU
		{E47093B8-BAEF-4059-836C-5233C28444BE}.Release|Any CPU.Deploy.0 = Release|Any CPU
		{E47093B8-BAEF-4059-836C-5233C28444BE}.Release|iPhone.ActiveCfg = Release|Any CPU
		{E47093B8-BAEF-4059-836C-5233C28444BE}.Release|iPhone.Build.0 = Release|Any CPU
		{E47093B8-BAEF-4059-836C-5233C28444BE}.Release|iPhone.Deploy.0 = Release|Any CPU
		{E47093B8-BAEF-4059-836C-5233C28444BE}.Release|iPhoneSimulator.ActiveCfg = Release|Any CPU
		{E47093B8-BAEF-4059-836C-5233C28444BE}.Release|iPhoneSimulator.Build.0 = Release|Any CPU
		{E47093B8-BAEF-4059-836C-5233C28444BE}.Release|iPhoneSimulator.Deploy.0 = Release|Any CPU
		{24ABC12B-B3CA-41C3-8280-7728A18D55B6}.Debug|Any CPU.ActiveCfg = Debug|iPhone
		{24ABC12B-B3CA-41C3-8280-7728A18D55B6}.Debug|Any CPU.Build.0 = Debug|iPhone
		{24ABC12B-B3CA-41C3-8280-7728A18D55B6}.Debug|Any CPU.Deploy.0 = Debug|iPhone
		{24ABC12B-B3CA-41C3-8280-7728A18D55B6}.Debug|iPhone.ActiveCfg = Debug|iPhone
		{24ABC12B-B3CA-41C3-8280-7728A18D55B6}.Debug|iPhone.Build.0 = Debug|iPhone
		{24ABC12B-B3CA-41C3-8280-7728A18D55B6}.Debug|iPhone.Deploy.0 = Debug|iPhone
		{24ABC12B-B3CA-41C3-8280-7728A18D55B6}.Debug|iPhoneSimulator.ActiveCfg = Debug|iPhoneSimulator
		{24ABC12B-B3CA-41C3-8280-7728A18D55B6}.Debug|iPhoneSimulator.Build.0 = Debug|iPhoneSimulator
		{24ABC12B-B3CA-41C3-8280-7728A18D55B6}.Debug|iPhoneSimulator.Deploy.0 = Debug|iPhoneSimulator
		{24ABC12B-B3CA-41C3-8280-7728A18D55B6}.Release|Any CPU.ActiveCfg = Release|iPhoneSimulator
		{24ABC12B-B3CA-41C3-8280-7728A18D55B6}.Release|Any CPU.Build.0 = Release|iPhoneSimulator
		{24ABC12B-B3CA-41C3-8280-7728A18D55B6}.Release|Any CPU.Deploy.0 = Release|iPhoneSimulator
		{24ABC12B-B3CA-41C3-8280-7728A18D55B6}.Release|iPhone.ActiveCfg = Release|iPhone
		{24ABC12B-B3CA-41C3-8280-7728A18D55B6}.Release|iPhone.Build.0 = Release|iPhone
		{24ABC12B-B3CA-41C3-8280-7728A18D55B6}.Release|iPhone.Deploy.0 = Release|iPhone
		{24ABC12B-B3CA-41C3-8280-7728A18D55B6}.Release|iPhoneSimulator.ActiveCfg = Release|iPhoneSimulator
		{24ABC12B-B3CA-41C3-8280-7728A18D55B6}.Release|iPhoneSimulator.Build.0 = Release|iPhoneSimulator
		{24ABC12B-B3CA-41C3-8280-7728A18D55B6}.Release|iPhoneSimulator.Deploy.0 = Release|iPhoneSimulator
		{EAB3C3E6-D78A-4D22-B3DC-E63F6A316FED}.Debug|Any CPU.ActiveCfg = Debug|Any CPU
		{EAB3C3E6-D78A-4D22-B3DC-E63F6A316FED}.Debug|Any CPU.Build.0 = Debug|Any CPU
		{EAB3C3E6-D78A-4D22-B3DC-E63F6A316FED}.Debug|Any CPU.Deploy.0 = Debug|Any CPU
		{EAB3C3E6-D78A-4D22-B3DC-E63F6A316FED}.Debug|iPhone.ActiveCfg = Debug|Any CPU
		{EAB3C3E6-D78A-4D22-B3DC-E63F6A316FED}.Debug|iPhone.Build.0 = Debug|Any CPU
		{EAB3C3E6-D78A-4D22-B3DC-E63F6A316FED}.Debug|iPhone.Deploy.0 = Debug|Any CPU
		{EAB3C3E6-D78A-4D22-B3DC-E63F6A316FED}.Debug|iPhoneSimulator.ActiveCfg = Debug|Any CPU
		{EAB3C3E6-D78A-4D22-B3DC-E63F6A316FED}.Debug|iPhoneSimulator.Build.0 = Debug|Any CPU
		{EAB3C3E6-D78A-4D22-B3DC-E63F6A316FED}.Debug|iPhoneSimulator.Deploy.0 = Debug|Any CPU
		{EAB3C3E6-D78A-4D22-B3DC-E63F6A316FED}.Release|Any CPU.ActiveCfg = Release|Any CPU
		{EAB3C3E6-D78A-4D22-B3DC-E63F6A316FED}.Release|Any CPU.Build.0 = Release|Any CPU
		{EAB3C3E6-D78A-4D22-B3DC-E63F6A316FED}.Release|Any CPU.Deploy.0 = Release|Any CPU
		{EAB3C3E6-D78A-4D22-B3DC-E63F6A316FED}.Release|iPhone.ActiveCfg = Release|Any CPU
		{EAB3C3E6-D78A-4D22-B3DC-E63F6A316FED}.Release|iPhone.Build.0 = Release|Any CPU
		{EAB3C3E6-D78A-4D22-B3DC-E63F6A316FED}.Release|iPhone.Deploy.0 = Release|Any CPU
		{EAB3C3E6-D78A-4D22-B3DC-E63F6A316FED}.Release|iPhoneSimulator.ActiveCfg = Release|Any CPU
		{EAB3C3E6-D78A-4D22-B3DC-E63F6A316FED}.Release|iPhoneSimulator.Build.0 = Release|Any CPU
		{EAB3C3E6-D78A-4D22-B3DC-E63F6A316FED}.Release|iPhoneSimulator.Deploy.0 = Release|Any CPU
	EndGlobalSection
	GlobalSection(SolutionProperties) = preSolution
		HideSolutionNode = FALSE
	EndGlobalSection
	GlobalSection(ExtensibilityGlobals) = postSolution
		SolutionGuid = {0A747533-53E1-44C2-AB52-0A3E1B3FFFA8}
	EndGlobalSection
EndGlobal
