
Microsoft Visual Studio Solution File, Format Version 12.00
# Visual Studio Version 16
VisualStudioVersion = 16.0.31729.503
MinimumVisualStudioVersion = 10.0.40219.1
Project("{FAE04EC0-301F-11D3-BF4B-00C04F79EFBC}") = "MapNotepad.Android", "MapNotepad\MapNotepad.Android\MapNotepad.Android.csproj", "{3D447151-78B2-405C-B215-902E0B32033C}"
EndProject
Project("{FAE04EC0-301F-11D3-BF4B-00C04F79EFBC}") = "MapNotepad.iOS", "MapNotepad\MapNotepad.iOS\MapNotepad.iOS.csproj", "{73FEF7EE-5A54-4CD7-ACD6-9641B55F539B}"
EndProject
Project("{FAE04EC0-301F-11D3-BF4B-00C04F79EFBC}") = "MapNotepad", "MapNotepad\MapNotepad\MapNotepad.csproj", "{E3436EE0-24AE-481F-A069-BBD0DCDF8233}"
EndProject
Global
	GlobalSection(SolutionConfigurationPlatforms) = preSolution
		Debug|Any CPU = Debug|Any CPU
		Debug|iPhone = Debug|iPhone
		Debug|iPhoneSimulator = Debug|iPhoneSimulator
		Release|Any CPU = Release|Any CPU
		Release|iPhone = Release|iPhone
		Release|iPhoneSimulator = Release|iPhoneSimulator
	EndGlobalSection
	GlobalSection(ProjectConfigurationPlatforms) = postSolution
		{3D447151-78B2-405C-B215-902E0B32033C}.Debug|Any CPU.ActiveCfg = Debug|Any CPU
		{3D447151-78B2-405C-B215-902E0B32033C}.Debug|Any CPU.Build.0 = Debug|Any CPU
		{3D447151-78B2-405C-B215-902E0B32033C}.Debug|Any CPU.Deploy.0 = Debug|Any CPU
		{3D447151-78B2-405C-B215-902E0B32033C}.Debug|iPhone.ActiveCfg = Debug|Any CPU
		{3D447151-78B2-405C-B215-902E0B32033C}.Debug|iPhone.Build.0 = Debug|Any CPU
		{3D447151-78B2-405C-B215-902E0B32033C}.Debug|iPhone.Deploy.0 = Debug|Any CPU
		{3D447151-78B2-405C-B215-902E0B32033C}.Debug|iPhoneSimulator.ActiveCfg = Debug|Any CPU
		{3D447151-78B2-405C-B215-902E0B32033C}.Debug|iPhoneSimulator.Build.0 = Debug|Any CPU
		{3D447151-78B2-405C-B215-902E0B32033C}.Debug|iPhoneSimulator.Deploy.0 = Debug|Any CPU
		{3D447151-78B2-405C-B215-902E0B32033C}.Release|Any CPU.ActiveCfg = Release|Any CPU
		{3D447151-78B2-405C-B215-902E0B32033C}.Release|Any CPU.Build.0 = Release|Any CPU
		{3D447151-78B2-405C-B215-902E0B32033C}.Release|Any CPU.Deploy.0 = Release|Any CPU
		{3D447151-78B2-405C-B215-902E0B32033C}.Release|iPhone.ActiveCfg = Release|Any CPU
		{3D447151-78B2-405C-B215-902E0B32033C}.Release|iPhone.Build.0 = Release|Any CPU
		{3D447151-78B2-405C-B215-902E0B32033C}.Release|iPhone.Deploy.0 = Release|Any CPU
		{3D447151-78B2-405C-B215-902E0B32033C}.Release|iPhoneSimulator.ActiveCfg = Release|Any CPU
		{3D447151-78B2-405C-B215-902E0B32033C}.Release|iPhoneSimulator.Build.0 = Release|Any CPU
		{3D447151-78B2-405C-B215-902E0B32033C}.Release|iPhoneSimulator.Deploy.0 = Release|Any CPU
		{73FEF7EE-5A54-4CD7-ACD6-9641B55F539B}.Debug|Any CPU.ActiveCfg = Debug|iPhone
		{73FEF7EE-5A54-4CD7-ACD6-9641B55F539B}.Debug|Any CPU.Build.0 = Debug|iPhone
		{73FEF7EE-5A54-4CD7-ACD6-9641B55F539B}.Debug|Any CPU.Deploy.0 = Debug|iPhone
		{73FEF7EE-5A54-4CD7-ACD6-9641B55F539B}.Debug|iPhone.ActiveCfg = Debug|iPhone
		{73FEF7EE-5A54-4CD7-ACD6-9641B55F539B}.Debug|iPhone.Build.0 = Debug|iPhone
		{73FEF7EE-5A54-4CD7-ACD6-9641B55F539B}.Debug|iPhone.Deploy.0 = Debug|iPhone
		{73FEF7EE-5A54-4CD7-ACD6-9641B55F539B}.Debug|iPhoneSimulator.ActiveCfg = Debug|iPhoneSimulator
		{73FEF7EE-5A54-4CD7-ACD6-9641B55F539B}.Debug|iPhoneSimulator.Build.0 = Debug|iPhoneSimulator
		{73FEF7EE-5A54-4CD7-ACD6-9641B55F539B}.Debug|iPhoneSimulator.Deploy.0 = Debug|iPhoneSimulator
		{73FEF7EE-5A54-4CD7-ACD6-9641B55F539B}.Release|Any CPU.ActiveCfg = Release|iPhoneSimulator
		{73FEF7EE-5A54-4CD7-ACD6-9641B55F539B}.Release|Any CPU.Build.0 = Release|iPhoneSimulator
		{73FEF7EE-5A54-4CD7-ACD6-9641B55F539B}.Release|Any CPU.Deploy.0 = Release|iPhoneSimulator
		{73FEF7EE-5A54-4CD7-ACD6-9641B55F539B}.Release|iPhone.ActiveCfg = Release|iPhone
		{73FEF7EE-5A54-4CD7-ACD6-9641B55F539B}.Release|iPhone.Build.0 = Release|iPhone
		{73FEF7EE-5A54-4CD7-ACD6-9641B55F539B}.Release|iPhone.Deploy.0 = Release|iPhone
		{73FEF7EE-5A54-4CD7-ACD6-9641B55F539B}.Release|iPhoneSimulator.ActiveCfg = Release|iPhoneSimulator
		{73FEF7EE-5A54-4CD7-ACD6-9641B55F539B}.Release|iPhoneSimulator.Build.0 = Release|iPhoneSimulator
		{73FEF7EE-5A54-4CD7-ACD6-9641B55F539B}.Release|iPhoneSimulator.Deploy.0 = Release|iPhoneSimulator
		{E3436EE0-24AE-481F-A069-BBD0DCDF8233}.Debug|Any CPU.ActiveCfg = Debug|Any CPU
		{E3436EE0-24AE-481F-A069-BBD0DCDF8233}.Debug|Any CPU.Build.0 = Debug|Any CPU
		{E3436EE0-24AE-481F-A069-BBD0DCDF8233}.Debug|Any CPU.Deploy.0 = Debug|Any CPU
		{E3436EE0-24AE-481F-A069-BBD0DCDF8233}.Debug|iPhone.ActiveCfg = Debug|Any CPU
		{E3436EE0-24AE-481F-A069-BBD0DCDF8233}.Debug|iPhone.Build.0 = Debug|Any CPU
		{E3436EE0-24AE-481F-A069-BBD0DCDF8233}.Debug|iPhone.Deploy.0 = Debug|Any CPU
		{E3436EE0-24AE-481F-A069-BBD0DCDF8233}.Debug|iPhoneSimulator.ActiveCfg = Debug|Any CPU
		{E3436EE0-24AE-481F-A069-BBD0DCDF8233}.Debug|iPhoneSimulator.Build.0 = Debug|Any CPU
		{E3436EE0-24AE-481F-A069-BBD0DCDF8233}.Debug|iPhoneSimulator.Deploy.0 = Debug|Any CPU
		{E3436EE0-24AE-481F-A069-BBD0DCDF8233}.Release|Any CPU.ActiveCfg = Release|Any CPU
		{E3436EE0-24AE-481F-A069-BBD0DCDF8233}.Release|Any CPU.Build.0 = Release|Any CPU
		{E3436EE0-24AE-481F-A069-BBD0DCDF8233}.Release|Any CPU.Deploy.0 = Release|Any CPU
		{E3436EE0-24AE-481F-A069-BBD0DCDF8233}.Release|iPhone.ActiveCfg = Release|Any CPU
		{E3436EE0-24AE-481F-A069-BBD0DCDF8233}.Release|iPhone.Build.0 = Release|Any CPU
		{E3436EE0-24AE-481F-A069-BBD0DCDF8233}.Release|iPhone.Deploy.0 = Release|Any CPU
		{E3436EE0-24AE-481F-A069-BBD0DCDF8233}.Release|iPhoneSimulator.ActiveCfg = Release|Any CPU
		{E3436EE0-24AE-481F-A069-BBD0DCDF8233}.Release|iPhoneSimulator.Build.0 = Release|Any CPU
		{E3436EE0-24AE-481F-A069-BBD0DCDF8233}.Release|iPhoneSimulator.Deploy.0 = Release|Any CPU
	EndGlobalSection
	GlobalSection(SolutionProperties) = preSolution
		HideSolutionNode = FALSE
	EndGlobalSection
	GlobalSection(ExtensibilityGlobals) = postSolution
		SolutionGuid = {31CF2082-1807-4628-8184-DBF63A8DC76B}
	EndGlobalSection
EndGlobal
